// !$*UTF8*$!
{
	archiveVersion = 1;
	classes = {
	};
	objectVersion = 50;
	objects = {

/* Begin PBXBuildFile section */
		4013517026A1A51300EFB4A1 /* NSMutableArray+Shuffle.m in Sources */ = {isa = PBXBuildFile; fileRef = 4013516F26A1A51300EFB4A1 /* NSMutableArray+Shuffle.m */; };
		4013517326A1AC0900EFB4A1 /* UIView+AsImage.m in Sources */ = {isa = PBXBuildFile; fileRef = 4013517226A1AC0900EFB4A1 /* UIView+AsImage.m */; };
		4013517826A1C73900EFB4A1 /* Timer.swift in Sources */ = {isa = PBXBuildFile; fileRef = 4013517726A1C73900EFB4A1 /* Timer.swift */; };
		4020488126A0C49A00718C57 /* ColorHolderView.m in Sources */ = {isa = PBXBuildFile; fileRef = 4020488026A0C49A00718C57 /* ColorHolderView.m */; };
		4036945326A06181002254C7 /* AppDelegate.m in Sources */ = {isa = PBXBuildFile; fileRef = 4036945226A06181002254C7 /* AppDelegate.m */; };
		4036945926A06181002254C7 /* ArtistViewController.m in Sources */ = {isa = PBXBuildFile; fileRef = 4036945826A06181002254C7 /* ArtistViewController.m */; };
		4036945C26A06181002254C7 /* Main.storyboard in Resources */ = {isa = PBXBuildFile; fileRef = 4036945A26A06181002254C7 /* Main.storyboard */; };
		4036945E26A06184002254C7 /* Assets.xcassets in Resources */ = {isa = PBXBuildFile; fileRef = 4036945D26A06184002254C7 /* Assets.xcassets */; };
		4036946126A06184002254C7 /* LaunchScreen.storyboard in Resources */ = {isa = PBXBuildFile; fileRef = 4036945F26A06184002254C7 /* LaunchScreen.storyboard */; };
		4036946426A06184002254C7 /* main.m in Sources */ = {isa = PBXBuildFile; fileRef = 4036946326A06184002254C7 /* main.m */; };
		4036947126A067CF002254C7 /* Montserrat-Medium.ttf in Resources */ = {isa = PBXBuildFile; fileRef = 4036946F26A067CF002254C7 /* Montserrat-Medium.ttf */; };
		4036947226A067CF002254C7 /* Montserrat-Regular.ttf in Resources */ = {isa = PBXBuildFile; fileRef = 4036947026A067CF002254C7 /* Montserrat-Regular.ttf */; };
		4036947526A06B0D002254C7 /* RSButton.m in Sources */ = {isa = PBXBuildFile; fileRef = 4036947426A06B0D002254C7 /* RSButton.m */; };
		409E2F1A26A071F200F792D5 /* DrawingsVC.m in Sources */ = {isa = PBXBuildFile; fileRef = 409E2F1926A071F200F792D5 /* DrawingsVC.m */; };
		409E2F2326A0788600F792D5 /* CanvasView.m in Sources */ = {isa = PBXBuildFile; fileRef = 409E2F2226A0788600F792D5 /* CanvasView.m */; };
		409E2F2D26A0833C00F792D5 /* Palette.m in Sources */ = {isa = PBXBuildFile; fileRef = 409E2F2C26A0833C00F792D5 /* Palette.m */; };
		409E2F3526A08CB800F792D5 /* ColorPickerButton.m in Sources */ = {isa = PBXBuildFile; fileRef = 409E2F3426A08CB800F792D5 /* ColorPickerButton.m */; };
/* End PBXBuildFile section */

/* Begin PBXFileReference section */
		4013516E26A1A51300EFB4A1 /* NSMutableArray+Shuffle.h */ = {isa = PBXFileReference; lastKnownFileType = sourcecode.c.h; path = "NSMutableArray+Shuffle.h"; sourceTree = "<group>"; };
		4013516F26A1A51300EFB4A1 /* NSMutableArray+Shuffle.m */ = {isa = PBXFileReference; lastKnownFileType = sourcecode.c.objc; path = "NSMutableArray+Shuffle.m"; sourceTree = "<group>"; };
		4013517126A1AC0900EFB4A1 /* UIView+AsImage.h */ = {isa = PBXFileReference; lastKnownFileType = sourcecode.c.h; path = "UIView+AsImage.h"; sourceTree = "<group>"; };
		4013517226A1AC0900EFB4A1 /* UIView+AsImage.m */ = {isa = PBXFileReference; lastKnownFileType = sourcecode.c.objc; path = "UIView+AsImage.m"; sourceTree = "<group>"; };
		4013517726A1C73900EFB4A1 /* Timer.swift */ = {isa = PBXFileReference; lastKnownFileType = sourcecode.swift; path = Timer.swift; sourceTree = "<group>"; };
		4020487F26A0C49A00718C57 /* ColorHolderView.h */ = {isa = PBXFileReference; lastKnownFileType = sourcecode.c.h; path = ColorHolderView.h; sourceTree = "<group>"; };
		4020488026A0C49A00718C57 /* ColorHolderView.m */ = {isa = PBXFileReference; lastKnownFileType = sourcecode.c.objc; path = ColorHolderView.m; sourceTree = "<group>"; };
		4036944E26A06181002254C7 /* rs.ios.stage-task8.app */ = {isa = PBXFileReference; explicitFileType = wrapper.application; includeInIndex = 0; path = "rs.ios.stage-task8.app"; sourceTree = BUILT_PRODUCTS_DIR; };
		4036945126A06181002254C7 /* AppDelegate.h */ = {isa = PBXFileReference; lastKnownFileType = sourcecode.c.h; path = AppDelegate.h; sourceTree = "<group>"; };
		4036945226A06181002254C7 /* AppDelegate.m */ = {isa = PBXFileReference; lastKnownFileType = sourcecode.c.objc; path = AppDelegate.m; sourceTree = "<group>"; };
		4036945726A06181002254C7 /* ArtistViewController.h */ = {isa = PBXFileReference; lastKnownFileType = sourcecode.c.h; path = ArtistViewController.h; sourceTree = "<group>"; };
		4036945826A06181002254C7 /* ArtistViewController.m */ = {isa = PBXFileReference; lastKnownFileType = sourcecode.c.objc; path = ArtistViewController.m; sourceTree = "<group>"; };
		4036945B26A06181002254C7 /* Base */ = {isa = PBXFileReference; lastKnownFileType = file.storyboard; name = Base; path = Base.lproj/Main.storyboard; sourceTree = "<group>"; };
		4036945D26A06184002254C7 /* Assets.xcassets */ = {isa = PBXFileReference; lastKnownFileType = folder.assetcatalog; path = Assets.xcassets; sourceTree = "<group>"; };
		4036946026A06184002254C7 /* Base */ = {isa = PBXFileReference; lastKnownFileType = file.storyboard; name = Base; path = Base.lproj/LaunchScreen.storyboard; sourceTree = "<group>"; };
		4036946226A06184002254C7 /* Info.plist */ = {isa = PBXFileReference; lastKnownFileType = text.plist.xml; path = Info.plist; sourceTree = "<group>"; };
		4036946326A06184002254C7 /* main.m */ = {isa = PBXFileReference; lastKnownFileType = sourcecode.c.objc; path = main.m; sourceTree = "<group>"; };
		4036946F26A067CF002254C7 /* Montserrat-Medium.ttf */ = {isa = PBXFileReference; lastKnownFileType = file; path = "Montserrat-Medium.ttf"; sourceTree = "<group>"; };
		4036947026A067CF002254C7 /* Montserrat-Regular.ttf */ = {isa = PBXFileReference; lastKnownFileType = file; path = "Montserrat-Regular.ttf"; sourceTree = "<group>"; };
		4036947326A06B0D002254C7 /* RSButton.h */ = {isa = PBXFileReference; lastKnownFileType = sourcecode.c.h; path = RSButton.h; sourceTree = "<group>"; };
		4036947426A06B0D002254C7 /* RSButton.m */ = {isa = PBXFileReference; lastKnownFileType = sourcecode.c.objc; path = RSButton.m; sourceTree = "<group>"; };
		409E2F1826A071F200F792D5 /* DrawingsVC.h */ = {isa = PBXFileReference; lastKnownFileType = sourcecode.c.h; path = DrawingsVC.h; sourceTree = "<group>"; };
		409E2F1926A071F200F792D5 /* DrawingsVC.m */ = {isa = PBXFileReference; lastKnownFileType = sourcecode.c.objc; path = DrawingsVC.m; sourceTree = "<group>"; };
		409E2F2126A0788600F792D5 /* CanvasView.h */ = {isa = PBXFileReference; lastKnownFileType = sourcecode.c.h; path = CanvasView.h; sourceTree = "<group>"; };
		409E2F2226A0788600F792D5 /* CanvasView.m */ = {isa = PBXFileReference; lastKnownFileType = sourcecode.c.objc; path = CanvasView.m; sourceTree = "<group>"; };
		409E2F2B26A0833C00F792D5 /* Palette.h */ = {isa = PBXFileReference; lastKnownFileType = sourcecode.c.h; path = Palette.h; sourceTree = "<group>"; };
		409E2F2C26A0833C00F792D5 /* Palette.m */ = {isa = PBXFileReference; lastKnownFileType = sourcecode.c.objc; path = Palette.m; sourceTree = "<group>"; };
		409E2F3326A08CB800F792D5 /* ColorPickerButton.h */ = {isa = PBXFileReference; lastKnownFileType = sourcecode.c.h; path = ColorPickerButton.h; sourceTree = "<group>"; };
		409E2F3426A08CB800F792D5 /* ColorPickerButton.m */ = {isa = PBXFileReference; lastKnownFileType = sourcecode.c.objc; path = ColorPickerButton.m; sourceTree = "<group>"; };
/* End PBXFileReference section */

/* Begin PBXFrameworksBuildPhase section */
		4036944B26A06181002254C7 /* Frameworks */ = {
			isa = PBXFrameworksBuildPhase;
			buildActionMask = 2147483647;
			files = (
			);
			runOnlyForDeploymentPostprocessing = 0;
		};
/* End PBXFrameworksBuildPhase section */

/* Begin PBXGroup section */
		4013516126A186E300EFB4A1 /* Timer */ = {
			isa = PBXGroup;
			children = (
				4013517726A1C73900EFB4A1 /* Timer.swift */,
			);
			path = Timer;
			sourceTree = "<group>";
		};
		4013516D26A1A4F800EFB4A1 /* Cathegories */ = {
			isa = PBXGroup;
			children = (
				4013517426A1AC0E00EFB4A1 /* Mutable Array Shuffle */,
				4013517526A1AC1C00EFB4A1 /* UIView as Image */,
			);
			path = Cathegories;
			sourceTree = "<group>";
		};
		4013517426A1AC0E00EFB4A1 /* Mutable Array Shuffle */ = {
			isa = PBXGroup;
			children = (
				4013516E26A1A51300EFB4A1 /* NSMutableArray+Shuffle.h */,
				4013516F26A1A51300EFB4A1 /* NSMutableArray+Shuffle.m */,
			);
			path = "Mutable Array Shuffle";
			sourceTree = "<group>";
		};
		4013517526A1AC1C00EFB4A1 /* UIView as Image */ = {
			isa = PBXGroup;
			children = (
				4013517126A1AC0900EFB4A1 /* UIView+AsImage.h */,
				4013517226A1AC0900EFB4A1 /* UIView+AsImage.m */,
			);
			path = "UIView as Image";
			sourceTree = "<group>";
		};
		4020487E26A0C48400718C57 /* ColorHolderView */ = {
			isa = PBXGroup;
			children = (
				4020487F26A0C49A00718C57 /* ColorHolderView.h */,
				4020488026A0C49A00718C57 /* ColorHolderView.m */,
			);
			path = ColorHolderView;
			sourceTree = "<group>";
		};
		4036944526A06180002254C7 = {
			isa = PBXGroup;
			children = (
				4036945026A06181002254C7 /* rs.ios.stage-task8 */,
				4036944F26A06181002254C7 /* Products */,
			);
			sourceTree = "<group>";
		};
		4036944F26A06181002254C7 /* Products */ = {
			isa = PBXGroup;
			children = (
				4036944E26A06181002254C7 /* rs.ios.stage-task8.app */,
			);
			name = Products;
			sourceTree = "<group>";
		};
		4036945026A06181002254C7 /* rs.ios.stage-task8 */ = {
			isa = PBXGroup;
			children = (
				4036945A26A06181002254C7 /* Main.storyboard */,
				4036946B26A0642B002254C7 /* Screens */,
				409E2F2426A07B2300F792D5 /* Custom Views */,
				4013516D26A1A4F800EFB4A1 /* Cathegories */,
				4036946A26A0641E002254C7 /* Application */,
				4036945D26A06184002254C7 /* Assets.xcassets */,
				4036946E26A067BC002254C7 /* Fonts */,
				4036945F26A06184002254C7 /* LaunchScreen.storyboard */,
				4036946226A06184002254C7 /* Info.plist */,
			);
			path = "rs.ios.stage-task8";
			sourceTree = "<group>";
		};
		4036946A26A0641E002254C7 /* Application */ = {
			isa = PBXGroup;
			children = (
				4036945126A06181002254C7 /* AppDelegate.h */,
				4036945226A06181002254C7 /* AppDelegate.m */,
				4036946326A06184002254C7 /* main.m */,
			);
			path = Application;
			sourceTree = "<group>";
		};
		4036946B26A0642B002254C7 /* Screens */ = {
			isa = PBXGroup;
			children = (
				4036946C26A06447002254C7 /* Artist */,
				4036946D26A0644E002254C7 /* Drawings */,
			);
			path = Screens;
			sourceTree = "<group>";
		};
		4036946C26A06447002254C7 /* Artist */ = {
			isa = PBXGroup;
			children = (
				4013516126A186E300EFB4A1 /* Timer */,
				409E2F2826A0831700F792D5 /* Palette */,
				4036945726A06181002254C7 /* ArtistViewController.h */,
				4036945826A06181002254C7 /* ArtistViewController.m */,
			);
			path = Artist;
			sourceTree = "<group>";
		};
		4036946D26A0644E002254C7 /* Drawings */ = {
			isa = PBXGroup;
			children = (
				409E2F1826A071F200F792D5 /* DrawingsVC.h */,
				409E2F1926A071F200F792D5 /* DrawingsVC.m */,
			);
			path = Drawings;
			sourceTree = "<group>";
		};
		4036946E26A067BC002254C7 /* Fonts */ = {
			isa = PBXGroup;
			children = (
				4036946F26A067CF002254C7 /* Montserrat-Medium.ttf */,
				4036947026A067CF002254C7 /* Montserrat-Regular.ttf */,
			);
			path = Fonts;
			sourceTree = "<group>";
		};
		409E2F1726A071CA00F792D5 /* RSButton */ = {
			isa = PBXGroup;
			children = (
				4036947326A06B0D002254C7 /* RSButton.h */,
				4036947426A06B0D002254C7 /* RSButton.m */,
			);
			path = RSButton;
			sourceTree = "<group>";
		};
		409E2F1C26A0774A00F792D5 /* CanvasView */ = {
			isa = PBXGroup;
			children = (
				409E2F2126A0788600F792D5 /* CanvasView.h */,
				409E2F2226A0788600F792D5 /* CanvasView.m */,
			);
			path = CanvasView;
			sourceTree = "<group>";
		};
		409E2F2426A07B2300F792D5 /* Custom Views */ = {
			isa = PBXGroup;
			children = (
				409E2F2F26A08C0300F792D5 /* ColorButton */,
				409E2F1C26A0774A00F792D5 /* CanvasView */,
				409E2F1726A071CA00F792D5 /* RSButton */,
			);
			path = "Custom Views";
			sourceTree = "<group>";
		};
		409E2F2826A0831700F792D5 /* Palette */ = {
			isa = PBXGroup;
			children = (
				409E2F2B26A0833C00F792D5 /* Palette.h */,
				409E2F2C26A0833C00F792D5 /* Palette.m */,
			);
			path = Palette;
			sourceTree = "<group>";
		};
		409E2F2F26A08C0300F792D5 /* ColorButton */ = {
			isa = PBXGroup;
			children = (
				4020487E26A0C48400718C57 /* ColorHolderView */,
				409E2F3326A08CB800F792D5 /* ColorPickerButton.h */,
				409E2F3426A08CB800F792D5 /* ColorPickerButton.m */,
			);
			path = ColorButton;
			sourceTree = "<group>";
		};
/* End PBXGroup section */

/* Begin PBXNativeTarget section */
		4036944D26A06181002254C7 /* rs.ios.stage-task8 */ = {
			isa = PBXNativeTarget;
			buildConfigurationList = 4036946726A06185002254C7 /* Build configuration list for PBXNativeTarget "rs.ios.stage-task8" */;
			buildPhases = (
				4036944A26A06181002254C7 /* Sources */,
				4036944B26A06181002254C7 /* Frameworks */,
				4036944C26A06181002254C7 /* Resources */,
			);
			buildRules = (
			);
			dependencies = (
			);
			name = "rs.ios.stage-task8";
			productName = "rs.ios.stage-task8";
			productReference = 4036944E26A06181002254C7 /* rs.ios.stage-task8.app */;
			productType = "com.apple.product-type.application";
		};
/* End PBXNativeTarget section */

/* Begin PBXProject section */
		4036944626A06180002254C7 /* Project object */ = {
			isa = PBXProject;
			attributes = {
				LastUpgradeCheck = 1250;
				TargetAttributes = {
					4036944D26A06181002254C7 = {
						CreatedOnToolsVersion = 12.5;
						LastSwiftMigration = 1250;
					};
				};
			};
			buildConfigurationList = 4036944926A06180002254C7 /* Build configuration list for PBXProject "rs.ios.stage-task8" */;
			compatibilityVersion = "Xcode 9.3";
			developmentRegion = en;
			hasScannedForEncodings = 0;
			knownRegions = (
				en,
				Base,
			);
			mainGroup = 4036944526A06180002254C7;
			productRefGroup = 4036944F26A06181002254C7 /* Products */;
			projectDirPath = "";
			projectRoot = "";
			targets = (
				4036944D26A06181002254C7 /* rs.ios.stage-task8 */,
			);
		};
/* End PBXProject section */

/* Begin PBXResourcesBuildPhase section */
		4036944C26A06181002254C7 /* Resources */ = {
			isa = PBXResourcesBuildPhase;
			buildActionMask = 2147483647;
			files = (
				4036946126A06184002254C7 /* LaunchScreen.storyboard in Resources */,
				4036945E26A06184002254C7 /* Assets.xcassets in Resources */,
				4036947126A067CF002254C7 /* Montserrat-Medium.ttf in Resources */,
				4036947226A067CF002254C7 /* Montserrat-Regular.ttf in Resources */,
				4036945C26A06181002254C7 /* Main.storyboard in Resources */,
			);
			runOnlyForDeploymentPostprocessing = 0;
		};
/* End PBXResourcesBuildPhase section */

/* Begin PBXSourcesBuildPhase section */
		4036944A26A06181002254C7 /* Sources */ = {
			isa = PBXSourcesBuildPhase;
			buildActionMask = 2147483647;
			files = (
				4036947526A06B0D002254C7 /* RSButton.m in Sources */,
				4036945926A06181002254C7 /* ArtistViewController.m in Sources */,
				4036945326A06181002254C7 /* AppDelegate.m in Sources */,
				4013517826A1C73900EFB4A1 /* Timer.swift in Sources */,
				409E2F2326A0788600F792D5 /* CanvasView.m in Sources */,
				4013517026A1A51300EFB4A1 /* NSMutableArray+Shuffle.m in Sources */,
				4013517326A1AC0900EFB4A1 /* UIView+AsImage.m in Sources */,
				4020488126A0C49A00718C57 /* ColorHolderView.m in Sources */,
				4036946426A06184002254C7 /* main.m in Sources */,
				409E2F2D26A0833C00F792D5 /* Palette.m in Sources */,
				409E2F1A26A071F200F792D5 /* DrawingsVC.m in Sources */,
				409E2F3526A08CB800F792D5 /* ColorPickerButton.m in Sources */,
			);
			runOnlyForDeploymentPostprocessing = 0;
		};
/* End PBXSourcesBuildPhase section */

/* Begin PBXVariantGroup section */
		4036945A26A06181002254C7 /* Main.storyboard */ = {
			isa = PBXVariantGroup;
			children = (
				4036945B26A06181002254C7 /* Base */,
			);
			name = Main.storyboard;
			sourceTree = "<group>";
		};
		4036945F26A06184002254C7 /* LaunchScreen.storyboard */ = {
			isa = PBXVariantGroup;
			children = (
				4036946026A06184002254C7 /* Base */,
			);
			name = LaunchScreen.storyboard;
			sourceTree = "<group>";
		};
/* End PBXVariantGroup section */

/* Begin XCBuildConfiguration section */
		4036946526A06184002254C7 /* Debug */ = {
			isa = XCBuildConfiguration;
			buildSettings = {
				ALWAYS_SEARCH_USER_PATHS = NO;
				CLANG_ANALYZER_NONNULL = YES;
				CLANG_ANALYZER_NUMBER_OBJECT_CONVERSION = YES_AGGRESSIVE;
				CLANG_CXX_LANGUAGE_STANDARD = "gnu++14";
				CLANG_CXX_LIBRARY = "libc++";
				CLANG_ENABLE_MODULES = YES;
				CLANG_ENABLE_OBJC_ARC = YES;
				CLANG_ENABLE_OBJC_WEAK = YES;
				CLANG_WARN_BLOCK_CAPTURE_AUTORELEASING = YES;
				CLANG_WARN_BOOL_CONVERSION = YES;
				CLANG_WARN_COMMA = YES;
				CLANG_WARN_CONSTANT_CONVERSION = YES;
				CLANG_WARN_DEPRECATED_OBJC_IMPLEMENTATIONS = YES;
				CLANG_WARN_DIRECT_OBJC_ISA_USAGE = YES_ERROR;
				CLANG_WARN_DOCUMENTATION_COMMENTS = YES;
				CLANG_WARN_EMPTY_BODY = YES;
				CLANG_WARN_ENUM_CONVERSION = YES;
				CLANG_WARN_INFINITE_RECURSION = YES;
				CLANG_WARN_INT_CONVERSION = YES;
				CLANG_WARN_NON_LITERAL_NULL_CONVERSION = YES;
				CLANG_WARN_OBJC_IMPLICIT_RETAIN_SELF = YES;
				CLANG_WARN_OBJC_LITERAL_CONVERSION = YES;
				CLANG_WARN_OBJC_ROOT_CLASS = YES_ERROR;
				CLANG_WARN_QUOTED_INCLUDE_IN_FRAMEWORK_HEADER = YES;
				CLANG_WARN_RANGE_LOOP_ANALYSIS = YES;
				CLANG_WARN_STRICT_PROTOTYPES = YES;
				CLANG_WARN_SUSPICIOUS_MOVE = YES;
				CLANG_WARN_UNGUARDED_AVAILABILITY = YES_AGGRESSIVE;
				CLANG_WARN_UNREACHABLE_CODE = YES;
				CLANG_WARN__DUPLICATE_METHOD_MATCH = YES;
				COPY_PHASE_STRIP = NO;
				DEBUG_INFORMATION_FORMAT = dwarf;
				ENABLE_STRICT_OBJC_MSGSEND = YES;
				ENABLE_TESTABILITY = YES;
				GCC_C_LANGUAGE_STANDARD = gnu11;
				GCC_DYNAMIC_NO_PIC = NO;
				GCC_NO_COMMON_BLOCKS = YES;
				GCC_OPTIMIZATION_LEVEL = 0;
				GCC_PREPROCESSOR_DEFINITIONS = (
					"DEBUG=1",
					"$(inherited)",
				);
				GCC_WARN_64_TO_32_BIT_CONVERSION = YES;
				GCC_WARN_ABOUT_RETURN_TYPE = YES_ERROR;
				GCC_WARN_UNDECLARED_SELECTOR = YES;
				GCC_WARN_UNINITIALIZED_AUTOS = YES_AGGRESSIVE;
				GCC_WARN_UNUSED_FUNCTION = YES;
				GCC_WARN_UNUSED_VARIABLE = YES;
				IPHONEOS_DEPLOYMENT_TARGET = 14.5;
				MTL_ENABLE_DEBUG_INFO = INCLUDE_SOURCE;
				MTL_FAST_MATH = YES;
				ONLY_ACTIVE_ARCH = YES;
				SDKROOT = iphoneos;
			};
			name = Debug;
		};
		4036946626A06184002254C7 /* Release */ = {
			isa = XCBuildConfiguration;
			buildSettings = {
				ALWAYS_SEARCH_USER_PATHS = NO;
				CLANG_ANALYZER_NONNULL = YES;
				CLANG_ANALYZER_NUMBER_OBJECT_CONVERSION = YES_AGGRESSIVE;
				CLANG_CXX_LANGUAGE_STANDARD = "gnu++14";
				CLANG_CXX_LIBRARY = "libc++";
				CLANG_ENABLE_MODULES = YES;
				CLANG_ENABLE_OBJC_ARC = YES;
				CLANG_ENABLE_OBJC_WEAK = YES;
				CLANG_WARN_BLOCK_CAPTURE_AUTORELEASING = YES;
				CLANG_WARN_BOOL_CONVERSION = YES;
				CLANG_WARN_COMMA = YES;
				CLANG_WARN_CONSTANT_CONVERSION = YES;
				CLANG_WARN_DEPRECATED_OBJC_IMPLEMENTATIONS = YES;
				CLANG_WARN_DIRECT_OBJC_ISA_USAGE = YES_ERROR;
				CLANG_WARN_DOCUMENTATION_COMMENTS = YES;
				CLANG_WARN_EMPTY_BODY = YES;
				CLANG_WARN_ENUM_CONVERSION = YES;
				CLANG_WARN_INFINITE_RECURSION = YES;
				CLANG_WARN_INT_CONVERSION = YES;
				CLANG_WARN_NON_LITERAL_NULL_CONVERSION = YES;
				CLANG_WARN_OBJC_IMPLICIT_RETAIN_SELF = YES;
				CLANG_WARN_OBJC_LITERAL_CONVERSION = YES;
				CLANG_WARN_OBJC_ROOT_CLASS = YES_ERROR;
				CLANG_WARN_QUOTED_INCLUDE_IN_FRAMEWORK_HEADER = YES;
				CLANG_WARN_RANGE_LOOP_ANALYSIS = YES;
				CLANG_WARN_STRICT_PROTOTYPES = YES;
				CLANG_WARN_SUSPICIOUS_MOVE = YES;
				CLANG_WARN_UNGUARDED_AVAILABILITY = YES_AGGRESSIVE;
				CLANG_WARN_UNREACHABLE_CODE = YES;
				CLANG_WARN__DUPLICATE_METHOD_MATCH = YES;
				COPY_PHASE_STRIP = NO;
				DEBUG_INFORMATION_FORMAT = "dwarf-with-dsym";
				ENABLE_NS_ASSERTIONS = NO;
				ENABLE_STRICT_OBJC_MSGSEND = YES;
				GCC_C_LANGUAGE_STANDARD = gnu11;
				GCC_NO_COMMON_BLOCKS = YES;
				GCC_WARN_64_TO_32_BIT_CONVERSION = YES;
				GCC_WARN_ABOUT_RETURN_TYPE = YES_ERROR;
				GCC_WARN_UNDECLARED_SELECTOR = YES;
				GCC_WARN_UNINITIALIZED_AUTOS = YES_AGGRESSIVE;
				GCC_WARN_UNUSED_FUNCTION = YES;
				GCC_WARN_UNUSED_VARIABLE = YES;
				IPHONEOS_DEPLOYMENT_TARGET = 14.5;
				MTL_ENABLE_DEBUG_INFO = NO;
				MTL_FAST_MATH = YES;
				SDKROOT = iphoneos;
				VALIDATE_PRODUCT = YES;
			};
			name = Release;
		};
		4036946826A06185002254C7 /* Debug */ = {
			isa = XCBuildConfiguration;
			buildSettings = {
				ASSETCATALOG_COMPILER_APPICON_NAME = AppIcon;
				ASSETCATALOG_COMPILER_GLOBAL_ACCENT_COLOR_NAME = AccentColor;
				CLANG_ENABLE_MODULES = YES;
				CODE_SIGN_STYLE = Automatic;
				DEFINES_MODULE = YES;
				DEVELOPMENT_TEAM = 3Y322LSDU5;
				INFOPLIST_FILE = "rs.ios.stage-task8/Info.plist";
				IPHONEOS_DEPLOYMENT_TARGET = 12.1;
				LD_RUNPATH_SEARCH_PATHS = (
					"$(inherited)",
					"@executable_path/Frameworks",
				);
				PRODUCT_BUNDLE_IDENTIFIER = "com.zm1caps.rs-ios-stage-task8";
				PRODUCT_NAME = "$(TARGET_NAME)";
				SWIFT_OBJC_BRIDGING_HEADER = "";
				SWIFT_OPTIMIZATION_LEVEL = "-Onone";
				SWIFT_VERSION = 5.0;
				TARGETED_DEVICE_FAMILY = 1;
			};
			name = Debug;
		};
		4036946926A06185002254C7 /* Release */ = {
			isa = XCBuildConfiguration;
			buildSettings = {
				ASSETCATALOG_COMPILER_APPICON_NAME = AppIcon;
				ASSETCATALOG_COMPILER_GLOBAL_ACCENT_COLOR_NAME = AccentColor;
				CLANG_ENABLE_MODULES = YES;
				CODE_SIGN_STYLE = Automatic;
				DEFINES_MODULE = YES;
				DEVELOPMENT_TEAM = 3Y322LSDU5;
				INFOPLIST_FILE = "rs.ios.stage-task8/Info.plist";
				IPHONEOS_DEPLOYMENT_TARGET = 12.1;
				LD_RUNPATH_SEARCH_PATHS = (
					"$(inherited)",
					"@executable_path/Frameworks",
				);
				PRODUCT_BUNDLE_IDENTIFIER = "com.zm1caps.rs-ios-stage-task8";
				PRODUCT_NAME = "$(TARGET_NAME)";
				SWIFT_OBJC_BRIDGING_HEADER = "";
				SWIFT_VERSION = 5.0;
				TARGETED_DEVICE_FAMILY = 1;
			};
			name = Release;
		};
/* End XCBuildConfiguration section */

/* Begin XCConfigurationList section */
		4036944926A06180002254C7 /* Build configuration list for PBXProject "rs.ios.stage-task8" */ = {
			isa = XCConfigurationList;
			buildConfigurations = (
				4036946526A06184002254C7 /* Debug */,
				4036946626A06184002254C7 /* Release */,
			);
			defaultConfigurationIsVisible = 0;
			defaultConfigurationName = Release;
		};
		4036946726A06185002254C7 /* Build configuration list for PBXNativeTarget "rs.ios.stage-task8" */ = {
			isa = XCConfigurationList;
			buildConfigurations = (
				4036946826A06185002254C7 /* Debug */,
				4036946926A06185002254C7 /* Release */,
			);
			defaultConfigurationIsVisible = 0;
			defaultConfigurationName = Release;
		};
/* End XCConfigurationList section */
	};
	rootObject = 4036944626A06180002254C7 /* Project object */;
}
